// !$*UTF8*$!
{
	archiveVersion = 1;
	classes = {
	};
	objectVersion = 56;
	objects = {

/* Begin PBXBuildFile section */
		7F7CFB562C7F4F5100797AF4 /* NetworkManager.swift in Sources */ = {isa = PBXBuildFile; fileRef = 7F7CFB3A2C7F4F5100797AF4 /* NetworkManager.swift */; };
		7F7CFB572C7F4F5100797AF4 /* LICENSE in Resources */ = {isa = PBXBuildFile; fileRef = 7F7CFB3C2C7F4F5100797AF4 /* LICENSE */; };
		7F7CFB582C7F4F5100797AF4 /* Preview Assets.xcassets in Resources */ = {isa = PBXBuildFile; fileRef = 7F7CFB3D2C7F4F5100797AF4 /* Preview Assets.xcassets */; };
		7F7CFB592C7F4F5100797AF4 /* README.md in Resources */ = {isa = PBXBuildFile; fileRef = 7F7CFB3F2C7F4F5100797AF4 /* README.md */; };
		7F7CFB5A2C7F4F5100797AF4 /* AppState.swift in Sources */ = {isa = PBXBuildFile; fileRef = 7F7CFB402C7F4F5100797AF4 /* AppState.swift */; };
		7F7CFB5B2C7F4F5100797AF4 /* Classifier.swift in Sources */ = {isa = PBXBuildFile; fileRef = 7F7CFB412C7F4F5100797AF4 /* Classifier.swift */; };
		7F7CFB5C2C7F4F5100797AF4 /* DetectedItem.swift in Sources */ = {isa = PBXBuildFile; fileRef = 7F7CFB422C7F4F5100797AF4 /* DetectedItem.swift */; };
		7F7CFB5D2C7F4F5100797AF4 /* CaipirinIAApp.swift in Sources */ = {isa = PBXBuildFile; fileRef = 7F7CFB442C7F4F5100797AF4 /* CaipirinIAApp.swift */; };
		7F7CFB5E2C7F4F5100797AF4 /* CGImage+Resized.swift in Sources */ = {isa = PBXBuildFile; fileRef = 7F7CFB452C7F4F5100797AF4 /* CGImage+Resized.swift */; };
		7F7CFB5F2C7F4F5100797AF4 /* Data+ToArray.swift in Sources */ = {isa = PBXBuildFile; fileRef = 7F7CFB462C7F4F5100797AF4 /* Data+ToArray.swift */; };
		7F7CFB602C7F4F5100797AF4 /* ContentView.swift in Sources */ = {isa = PBXBuildFile; fileRef = 7F7CFB482C7F4F5100797AF4 /* ContentView.swift */; };
		7F7CFB632C7F4F5100797AF4 /* CameraView.swift in Sources */ = {isa = PBXBuildFile; fileRef = 7F7CFB4C2C7F4F5100797AF4 /* CameraView.swift */; };
		7F7CFB682C7F4F5100797AF4 /* Assets.xcassets in Resources */ = {isa = PBXBuildFile; fileRef = 7F7CFB522C7F4F5100797AF4 /* Assets.xcassets */; };
		7FCFB1942C906FC600F85975 /* Constants.swift in Sources */ = {isa = PBXBuildFile; fileRef = 7FCFB1932C906FC600F85975 /* Constants.swift */; };
		7FDE9F602CBD3EF700504226 /* BoundingBoxView.swift in Sources */ = {isa = PBXBuildFile; fileRef = 7FDE9F5F2CBD3EF700504226 /* BoundingBoxView.swift */; };
		7FDE9F622CBD495D00504226 /* DetectionOverlayManager.swift in Sources */ = {isa = PBXBuildFile; fileRef = 7FDE9F612CBD495D00504226 /* DetectionOverlayManager.swift */; };
		7FDE9F642CBD4FF300504226 /* ObjectDetectorProtocol.swift in Sources */ = {isa = PBXBuildFile; fileRef = 7FDE9F632CBD4FF300504226 /* ObjectDetectorProtocol.swift */; };
		7FDE9F662CBD509200504226 /* CameraManager.swift in Sources */ = {isa = PBXBuildFile; fileRef = 7FDE9F652CBD509200504226 /* CameraManager.swift */; };
		7FDE9F682CBD578500504226 /* FrameProcessor.swift in Sources */ = {isa = PBXBuildFile; fileRef = 7FDE9F672CBD578500504226 /* FrameProcessor.swift */; };
		7FDE9F6A2CBDA33200504226 /* EmptyStateView.swift in Sources */ = {isa = PBXBuildFile; fileRef = 7FDE9F692CBDA33200504226 /* EmptyStateView.swift */; };
		7FDE9F6C2CBDA69000504226 /* DetectionOverlayView.swift in Sources */ = {isa = PBXBuildFile; fileRef = 7FDE9F6B2CBDA69000504226 /* DetectionOverlayView.swift */; };
		7FDE9F6E2CBDB7B100504226 /* CocktailCardView.swift in Sources */ = {isa = PBXBuildFile; fileRef = 7FDE9F6D2CBDB7B100504226 /* CocktailCardView.swift */; };
		7FDE9F702CBDB94E00504226 /* CocktailGridView.swift in Sources */ = {isa = PBXBuildFile; fileRef = 7FDE9F6F2CBDB94E00504226 /* CocktailGridView.swift */; };
		7FDE9F722CBDB96000504226 /* NoCocktailsView.swift in Sources */ = {isa = PBXBuildFile; fileRef = 7FDE9F712CBDB96000504226 /* NoCocktailsView.swift */; };
		7FDE9F762CBDBC6900504226 /* CircularButtonView.swift in Sources */ = {isa = PBXBuildFile; fileRef = 7FDE9F752CBDBC6900504226 /* CircularButtonView.swift */; };
		7FDE9F782CBDBCDE00504226 /* CircularButtonModifier.swift in Sources */ = {isa = PBXBuildFile; fileRef = 7FDE9F772CBDBCDE00504226 /* CircularButtonModifier.swift */; };
		7FDE9F7A2CBDBD9500504226 /* CircularActionButton.swift in Sources */ = {isa = PBXBuildFile; fileRef = 7FDE9F792CBDBD9500504226 /* CircularActionButton.swift */; };
		7FDE9F7C2CBDBE8100504226 /* CircularNavigationButton.swift in Sources */ = {isa = PBXBuildFile; fileRef = 7FDE9F7B2CBDBE8100504226 /* CircularNavigationButton.swift */; };
		7FDE9F7E2CBDBF2A00504226 /* CachedAsyncImage.swift in Sources */ = {isa = PBXBuildFile; fileRef = 7FDE9F7D2CBDBF2A00504226 /* CachedAsyncImage.swift */; };
		7FDE9F802CBDC97000504226 /* CocktailDetailViewModel.swift in Sources */ = {isa = PBXBuildFile; fileRef = 7FDE9F7F2CBDC97000504226 /* CocktailDetailViewModel.swift */; };
		7FDE9F822CBDD36500504226 /* Preparation.swift in Sources */ = {isa = PBXBuildFile; fileRef = 7FDE9F812CBDD36500504226 /* Preparation.swift */; };
		7FDE9F842CBDD42D00504226 /* PreparationStepsView.swift in Sources */ = {isa = PBXBuildFile; fileRef = 7FDE9F832CBDD42D00504226 /* PreparationStepsView.swift */; };
		7FDE9F862CBDD55A00504226 /* PreparationCardView.swift in Sources */ = {isa = PBXBuildFile; fileRef = 7FDE9F852CBDD55A00504226 /* PreparationCardView.swift */; };
		7FDE9F892CBE94CA00504226 /* IngredientMapper.swift in Sources */ = {isa = PBXBuildFile; fileRef = 7FDE9F882CBE949F00504226 /* IngredientMapper.swift */; };
		7FDE9F912CC0614400504226 /* ShakeEffect.swift in Sources */ = {isa = PBXBuildFile; fileRef = 7FDE9F902CC0612300504226 /* ShakeEffect.swift */; };
		7FDE9F952CC0693E00504226 /* ProgressButton.swift in Sources */ = {isa = PBXBuildFile; fileRef = 7FDE9F942CC0693E00504226 /* ProgressButton.swift */; };
		7FED59292CB963FB006C7F2B /* CaipiriniaDetector.mlmodel in Sources */ = {isa = PBXBuildFile; fileRef = 7FED59282CB963FA006C7F2B /* CaipiriniaDetector.mlmodel */; };
		7FED592B2CB96718006C7F2B /* Config.plist in Resources */ = {isa = PBXBuildFile; fileRef = 7FED592A2CB96718006C7F2B /* Config.plist */; };
		7FED592D2CB967A6006C7F2B /* Configuration.swift in Sources */ = {isa = PBXBuildFile; fileRef = 7FED592C2CB967A6006C7F2B /* Configuration.swift */; };
		7FED59422CBD28FE006C7F2B /* HomeView.swift in Sources */ = {isa = PBXBuildFile; fileRef = 7FED59412CBD28FE006C7F2B /* HomeView.swift */; };
		7FED59442CBD291C006C7F2B /* PreviousCocktailsList.swift in Sources */ = {isa = PBXBuildFile; fileRef = 7FED59432CBD291C006C7F2B /* PreviousCocktailsList.swift */; };
		7FED59462CBD2947006C7F2B /* FakeTabBar.swift in Sources */ = {isa = PBXBuildFile; fileRef = 7FED59452CBD2947006C7F2B /* FakeTabBar.swift */; };
		7FED59482CBD295F006C7F2B /* CircleButton.swift in Sources */ = {isa = PBXBuildFile; fileRef = 7FED59472CBD295F006C7F2B /* CircleButton.swift */; };
		7FED594A2CBD29CF006C7F2B /* DetectedItemsView.swift in Sources */ = {isa = PBXBuildFile; fileRef = 7FED59492CBD29CF006C7F2B /* DetectedItemsView.swift */; };
		7FED594C2CBD29E5006C7F2B /* DetectionButton.swift in Sources */ = {isa = PBXBuildFile; fileRef = 7FED594B2CBD29E5006C7F2B /* DetectionButton.swift */; };
		7FED594E2CBD2A76006C7F2B /* CameraViewModel.swift in Sources */ = {isa = PBXBuildFile; fileRef = 7FED594D2CBD2A76006C7F2B /* CameraViewModel.swift */; };
		7FED59502CBD2A8A006C7F2B /* CocktailListView.swift in Sources */ = {isa = PBXBuildFile; fileRef = 7FED594F2CBD2A8A006C7F2B /* CocktailListView.swift */; };
		7FED59522CBD2AD0006C7F2B /* CocktailDetailView.swift in Sources */ = {isa = PBXBuildFile; fileRef = 7FED59512CBD2AD0006C7F2B /* CocktailDetailView.swift */; };
		7FED59542CBD2AE9006C7F2B /* IngredientTag.swift in Sources */ = {isa = PBXBuildFile; fileRef = 7FED59532CBD2AE9006C7F2B /* IngredientTag.swift */; };
		7FED59562CBD2AF9006C7F2B /* CocktailRowView.swift in Sources */ = {isa = PBXBuildFile; fileRef = 7FED59552CBD2AF9006C7F2B /* CocktailRowView.swift */; };
		7FED59582CBD2B06006C7F2B /* CocktailImageView.swift in Sources */ = {isa = PBXBuildFile; fileRef = 7FED59572CBD2B06006C7F2B /* CocktailImageView.swift */; };
		7FED595A2CBD2B14006C7F2B /* CocktailInfoSection.swift in Sources */ = {isa = PBXBuildFile; fileRef = 7FED59592CBD2B14006C7F2B /* CocktailInfoSection.swift */; };
		7FED595C2CBD2B22006C7F2B /* CocktailIngredientsView.swift in Sources */ = {isa = PBXBuildFile; fileRef = 7FED595B2CBD2B22006C7F2B /* CocktailIngredientsView.swift */; };
		7FED595E2CBD2B2E006C7F2B /* CocktailInstructionsView.swift in Sources */ = {isa = PBXBuildFile; fileRef = 7FED595D2CBD2B2E006C7F2B /* CocktailInstructionsView.swift */; };
		7FED59602CBD2CA5006C7F2B /* CameraPreview.swift in Sources */ = {isa = PBXBuildFile; fileRef = 7FED595F2CBD2CA5006C7F2B /* CameraPreview.swift */; };
		7FED59622CBD2CB5006C7F2B /* CameraViewControllerDelegate.swift in Sources */ = {isa = PBXBuildFile; fileRef = 7FED59612CBD2CB5006C7F2B /* CameraViewControllerDelegate.swift */; };
		7FED59642CBD2CDB006C7F2B /* CocktailListViewModel.swift in Sources */ = {isa = PBXBuildFile; fileRef = 7FED59632CBD2CDB006C7F2B /* CocktailListViewModel.swift */; };
		7FED596B2CBD3105006C7F2B /* Cocktail.swift in Sources */ = {isa = PBXBuildFile; fileRef = 7FED596A2CBD3105006C7F2B /* Cocktail.swift */; };
		7FED596F2CBD31C0006C7F2B /* Config.swift in Sources */ = {isa = PBXBuildFile; fileRef = 7FED596E2CBD31BA006C7F2B /* Config.swift */; };
		7FED59712CBD325B006C7F2B /* Endpoint.swift in Sources */ = {isa = PBXBuildFile; fileRef = 7FED59702CBD325B006C7F2B /* Endpoint.swift */; };
		7FED59732CBD3294006C7F2B /* DataManager.swift in Sources */ = {isa = PBXBuildFile; fileRef = 7FED59722CBD3294006C7F2B /* DataManager.swift */; };
		7FED59762CBD32E2006C7F2B /* CameraServiceProtocol.swift in Sources */ = {isa = PBXBuildFile; fileRef = 7FED59752CBD32B9006C7F2B /* CameraServiceProtocol.swift */; };
		7FED59772CBD32E8006C7F2B /* CocktailServiceProtocol.swift in Sources */ = {isa = PBXBuildFile; fileRef = 7FED59742CBD32A9006C7F2B /* CocktailServiceProtocol.swift */; };
		7FED597B2CBD3369006C7F2B /* Extensions.swift in Sources */ = {isa = PBXBuildFile; fileRef = 7FED597A2CBD3364006C7F2B /* Extensions.swift */; };
		7FED597F2CBD3466006C7F2B /* NetworkError.swift in Sources */ = {isa = PBXBuildFile; fileRef = 7FED597E2CBD3466006C7F2B /* NetworkError.swift */; };
		7FED59812CBD3483006C7F2B /* DependencyContainer.swift in Sources */ = {isa = PBXBuildFile; fileRef = 7FED59802CBD3483006C7F2B /* DependencyContainer.swift */; };
		7FED59822CBD3689006C7F2B /* TitleModifier.swift in Sources */ = {isa = PBXBuildFile; fileRef = 7FED597D2CBD339E006C7F2B /* TitleModifier.swift */; };
/* End PBXBuildFile section */

/* Begin PBXFileReference section */
		7F7CFB252C7F4ED400797AF4 /* CaipirinIA.app */ = {isa = PBXFileReference; explicitFileType = wrapper.application; includeInIndex = 0; path = CaipirinIA.app; sourceTree = BUILT_PRODUCTS_DIR; };
		7F7CFB362C7F4F5100797AF4 /* CaipirinIA-Bridging-Header.h */ = {isa = PBXFileReference; lastKnownFileType = sourcecode.c.h; path = "CaipirinIA-Bridging-Header.h"; sourceTree = "<group>"; };
		7F7CFB3A2C7F4F5100797AF4 /* NetworkManager.swift */ = {isa = PBXFileReference; fileEncoding = 4; lastKnownFileType = sourcecode.swift; path = NetworkManager.swift; sourceTree = "<group>"; };
		7F7CFB3C2C7F4F5100797AF4 /* LICENSE */ = {isa = PBXFileReference; fileEncoding = 4; lastKnownFileType = text; path = LICENSE; sourceTree = "<group>"; };
		7F7CFB3D2C7F4F5100797AF4 /* Preview Assets.xcassets */ = {isa = PBXFileReference; lastKnownFileType = folder.assetcatalog; path = "Preview Assets.xcassets"; sourceTree = "<group>"; };
		7F7CFB3F2C7F4F5100797AF4 /* README.md */ = {isa = PBXFileReference; fileEncoding = 4; lastKnownFileType = net.daringfireball.markdown; path = README.md; sourceTree = "<group>"; };
		7F7CFB402C7F4F5100797AF4 /* AppState.swift */ = {isa = PBXFileReference; fileEncoding = 4; lastKnownFileType = sourcecode.swift; path = AppState.swift; sourceTree = "<group>"; };
		7F7CFB412C7F4F5100797AF4 /* Classifier.swift */ = {isa = PBXFileReference; fileEncoding = 4; lastKnownFileType = sourcecode.swift; path = Classifier.swift; sourceTree = "<group>"; };
		7F7CFB422C7F4F5100797AF4 /* DetectedItem.swift */ = {isa = PBXFileReference; fileEncoding = 4; lastKnownFileType = sourcecode.swift; path = DetectedItem.swift; sourceTree = "<group>"; };
		7F7CFB442C7F4F5100797AF4 /* CaipirinIAApp.swift */ = {isa = PBXFileReference; fileEncoding = 4; lastKnownFileType = sourcecode.swift; path = CaipirinIAApp.swift; sourceTree = "<group>"; };
		7F7CFB452C7F4F5100797AF4 /* CGImage+Resized.swift */ = {isa = PBXFileReference; fileEncoding = 4; lastKnownFileType = sourcecode.swift; path = "CGImage+Resized.swift"; sourceTree = "<group>"; };
		7F7CFB462C7F4F5100797AF4 /* Data+ToArray.swift */ = {isa = PBXFileReference; fileEncoding = 4; lastKnownFileType = sourcecode.swift; path = "Data+ToArray.swift"; sourceTree = "<group>"; };
		7F7CFB482C7F4F5100797AF4 /* ContentView.swift */ = {isa = PBXFileReference; fileEncoding = 4; lastKnownFileType = sourcecode.swift; path = ContentView.swift; sourceTree = "<group>"; };
		7F7CFB4C2C7F4F5100797AF4 /* CameraView.swift */ = {isa = PBXFileReference; fileEncoding = 4; lastKnownFileType = sourcecode.swift; path = CameraView.swift; sourceTree = "<group>"; };
		7F7CFB522C7F4F5100797AF4 /* Assets.xcassets */ = {isa = PBXFileReference; lastKnownFileType = folder.assetcatalog; path = Assets.xcassets; sourceTree = "<group>"; };
		7FCFB1932C906FC600F85975 /* Constants.swift */ = {isa = PBXFileReference; lastKnownFileType = sourcecode.swift; path = Constants.swift; sourceTree = "<group>"; };
		7FDE9F5F2CBD3EF700504226 /* BoundingBoxView.swift */ = {isa = PBXFileReference; lastKnownFileType = sourcecode.swift; path = BoundingBoxView.swift; sourceTree = "<group>"; };
		7FDE9F612CBD495D00504226 /* DetectionOverlayManager.swift */ = {isa = PBXFileReference; lastKnownFileType = sourcecode.swift; path = DetectionOverlayManager.swift; sourceTree = "<group>"; };
		7FDE9F632CBD4FF300504226 /* ObjectDetectorProtocol.swift */ = {isa = PBXFileReference; lastKnownFileType = sourcecode.swift; path = ObjectDetectorProtocol.swift; sourceTree = "<group>"; };
		7FDE9F652CBD509200504226 /* CameraManager.swift */ = {isa = PBXFileReference; lastKnownFileType = sourcecode.swift; path = CameraManager.swift; sourceTree = "<group>"; };
		7FDE9F672CBD578500504226 /* FrameProcessor.swift */ = {isa = PBXFileReference; lastKnownFileType = sourcecode.swift; path = FrameProcessor.swift; sourceTree = "<group>"; };
		7FDE9F692CBDA33200504226 /* EmptyStateView.swift */ = {isa = PBXFileReference; lastKnownFileType = sourcecode.swift; path = EmptyStateView.swift; sourceTree = "<group>"; };
		7FDE9F6B2CBDA69000504226 /* DetectionOverlayView.swift */ = {isa = PBXFileReference; lastKnownFileType = sourcecode.swift; path = DetectionOverlayView.swift; sourceTree = "<group>"; };
		7FDE9F6D2CBDB7B100504226 /* CocktailCardView.swift */ = {isa = PBXFileReference; lastKnownFileType = sourcecode.swift; path = CocktailCardView.swift; sourceTree = "<group>"; };
		7FDE9F6F2CBDB94E00504226 /* CocktailGridView.swift */ = {isa = PBXFileReference; lastKnownFileType = sourcecode.swift; path = CocktailGridView.swift; sourceTree = "<group>"; };
		7FDE9F712CBDB96000504226 /* NoCocktailsView.swift */ = {isa = PBXFileReference; lastKnownFileType = sourcecode.swift; path = NoCocktailsView.swift; sourceTree = "<group>"; };
		7FDE9F752CBDBC6900504226 /* CircularButtonView.swift */ = {isa = PBXFileReference; lastKnownFileType = sourcecode.swift; path = CircularButtonView.swift; sourceTree = "<group>"; };
		7FDE9F772CBDBCDE00504226 /* CircularButtonModifier.swift */ = {isa = PBXFileReference; lastKnownFileType = sourcecode.swift; path = CircularButtonModifier.swift; sourceTree = "<group>"; };
		7FDE9F792CBDBD9500504226 /* CircularActionButton.swift */ = {isa = PBXFileReference; lastKnownFileType = sourcecode.swift; path = CircularActionButton.swift; sourceTree = "<group>"; };
		7FDE9F7B2CBDBE8100504226 /* CircularNavigationButton.swift */ = {isa = PBXFileReference; lastKnownFileType = sourcecode.swift; path = CircularNavigationButton.swift; sourceTree = "<group>"; };
		7FDE9F7D2CBDBF2A00504226 /* CachedAsyncImage.swift */ = {isa = PBXFileReference; lastKnownFileType = sourcecode.swift; path = CachedAsyncImage.swift; sourceTree = "<group>"; };
		7FDE9F7F2CBDC97000504226 /* CocktailDetailViewModel.swift */ = {isa = PBXFileReference; lastKnownFileType = sourcecode.swift; path = CocktailDetailViewModel.swift; sourceTree = "<group>"; };
		7FDE9F812CBDD36500504226 /* Preparation.swift */ = {isa = PBXFileReference; lastKnownFileType = sourcecode.swift; path = Preparation.swift; sourceTree = "<group>"; };
		7FDE9F832CBDD42D00504226 /* PreparationStepsView.swift */ = {isa = PBXFileReference; lastKnownFileType = sourcecode.swift; path = PreparationStepsView.swift; sourceTree = "<group>"; };
		7FDE9F852CBDD55A00504226 /* PreparationCardView.swift */ = {isa = PBXFileReference; lastKnownFileType = sourcecode.swift; path = PreparationCardView.swift; sourceTree = "<group>"; };
		7FDE9F882CBE949F00504226 /* IngredientMapper.swift */ = {isa = PBXFileReference; lastKnownFileType = sourcecode.swift; path = IngredientMapper.swift; sourceTree = "<group>"; };
		7FDE9F902CC0612300504226 /* ShakeEffect.swift */ = {isa = PBXFileReference; lastKnownFileType = sourcecode.swift; path = ShakeEffect.swift; sourceTree = "<group>"; };
		7FDE9F942CC0693E00504226 /* ProgressButton.swift */ = {isa = PBXFileReference; lastKnownFileType = sourcecode.swift; path = ProgressButton.swift; sourceTree = "<group>"; };
		7FED59282CB963FA006C7F2B /* CaipiriniaDetector.mlmodel */ = {isa = PBXFileReference; lastKnownFileType = file.mlmodel; path = CaipiriniaDetector.mlmodel; sourceTree = "<group>"; };
		7FED592A2CB96718006C7F2B /* Config.plist */ = {isa = PBXFileReference; lastKnownFileType = text.plist.xml; path = Config.plist; sourceTree = "<group>"; };
		7FED592C2CB967A6006C7F2B /* Configuration.swift */ = {isa = PBXFileReference; lastKnownFileType = sourcecode.swift; path = Configuration.swift; sourceTree = "<group>"; };
		7FED59412CBD28FE006C7F2B /* HomeView.swift */ = {isa = PBXFileReference; lastKnownFileType = sourcecode.swift; path = HomeView.swift; sourceTree = "<group>"; };
		7FED59432CBD291C006C7F2B /* PreviousCocktailsList.swift */ = {isa = PBXFileReference; lastKnownFileType = sourcecode.swift; path = PreviousCocktailsList.swift; sourceTree = "<group>"; };
		7FED59452CBD2947006C7F2B /* FakeTabBar.swift */ = {isa = PBXFileReference; lastKnownFileType = sourcecode.swift; path = FakeTabBar.swift; sourceTree = "<group>"; };
		7FED59472CBD295F006C7F2B /* CircleButton.swift */ = {isa = PBXFileReference; lastKnownFileType = sourcecode.swift; path = CircleButton.swift; sourceTree = "<group>"; };
		7FED59492CBD29CF006C7F2B /* DetectedItemsView.swift */ = {isa = PBXFileReference; lastKnownFileType = sourcecode.swift; path = DetectedItemsView.swift; sourceTree = "<group>"; };
		7FED594B2CBD29E5006C7F2B /* DetectionButton.swift */ = {isa = PBXFileReference; lastKnownFileType = sourcecode.swift; path = DetectionButton.swift; sourceTree = "<group>"; };
		7FED594D2CBD2A76006C7F2B /* CameraViewModel.swift */ = {isa = PBXFileReference; lastKnownFileType = sourcecode.swift; path = CameraViewModel.swift; sourceTree = "<group>"; };
		7FED594F2CBD2A8A006C7F2B /* CocktailListView.swift */ = {isa = PBXFileReference; lastKnownFileType = sourcecode.swift; path = CocktailListView.swift; sourceTree = "<group>"; };
		7FED59512CBD2AD0006C7F2B /* CocktailDetailView.swift */ = {isa = PBXFileReference; lastKnownFileType = sourcecode.swift; path = CocktailDetailView.swift; sourceTree = "<group>"; };
		7FED59532CBD2AE9006C7F2B /* IngredientTag.swift */ = {isa = PBXFileReference; lastKnownFileType = sourcecode.swift; path = IngredientTag.swift; sourceTree = "<group>"; };
		7FED59552CBD2AF9006C7F2B /* CocktailRowView.swift */ = {isa = PBXFileReference; lastKnownFileType = sourcecode.swift; path = CocktailRowView.swift; sourceTree = "<group>"; };
		7FED59572CBD2B06006C7F2B /* CocktailImageView.swift */ = {isa = PBXFileReference; lastKnownFileType = sourcecode.swift; path = CocktailImageView.swift; sourceTree = "<group>"; };
		7FED59592CBD2B14006C7F2B /* CocktailInfoSection.swift */ = {isa = PBXFileReference; lastKnownFileType = sourcecode.swift; path = CocktailInfoSection.swift; sourceTree = "<group>"; };
		7FED595B2CBD2B22006C7F2B /* CocktailIngredientsView.swift */ = {isa = PBXFileReference; lastKnownFileType = sourcecode.swift; path = CocktailIngredientsView.swift; sourceTree = "<group>"; };
		7FED595D2CBD2B2E006C7F2B /* CocktailInstructionsView.swift */ = {isa = PBXFileReference; lastKnownFileType = sourcecode.swift; path = CocktailInstructionsView.swift; sourceTree = "<group>"; };
		7FED595F2CBD2CA5006C7F2B /* CameraPreview.swift */ = {isa = PBXFileReference; lastKnownFileType = sourcecode.swift; path = CameraPreview.swift; sourceTree = "<group>"; };
		7FED59612CBD2CB5006C7F2B /* CameraViewControllerDelegate.swift */ = {isa = PBXFileReference; lastKnownFileType = sourcecode.swift; path = CameraViewControllerDelegate.swift; sourceTree = "<group>"; };
		7FED59632CBD2CDB006C7F2B /* CocktailListViewModel.swift */ = {isa = PBXFileReference; lastKnownFileType = sourcecode.swift; path = CocktailListViewModel.swift; sourceTree = "<group>"; };
		7FED596A2CBD3105006C7F2B /* Cocktail.swift */ = {isa = PBXFileReference; lastKnownFileType = sourcecode.swift; path = Cocktail.swift; sourceTree = "<group>"; };
		7FED596E2CBD31BA006C7F2B /* Config.swift */ = {isa = PBXFileReference; lastKnownFileType = sourcecode.swift; path = Config.swift; sourceTree = "<group>"; };
		7FED59702CBD325B006C7F2B /* Endpoint.swift */ = {isa = PBXFileReference; lastKnownFileType = sourcecode.swift; path = Endpoint.swift; sourceTree = "<group>"; };
		7FED59722CBD3294006C7F2B /* DataManager.swift */ = {isa = PBXFileReference; lastKnownFileType = sourcecode.swift; path = DataManager.swift; sourceTree = "<group>"; };
		7FED59742CBD32A9006C7F2B /* CocktailServiceProtocol.swift */ = {isa = PBXFileReference; lastKnownFileType = sourcecode.swift; path = CocktailServiceProtocol.swift; sourceTree = "<group>"; };
		7FED59752CBD32B9006C7F2B /* CameraServiceProtocol.swift */ = {isa = PBXFileReference; lastKnownFileType = sourcecode.swift; path = CameraServiceProtocol.swift; sourceTree = "<group>"; };
		7FED597A2CBD3364006C7F2B /* Extensions.swift */ = {isa = PBXFileReference; lastKnownFileType = sourcecode.swift; path = Extensions.swift; sourceTree = "<group>"; };
		7FED597D2CBD339E006C7F2B /* TitleModifier.swift */ = {isa = PBXFileReference; lastKnownFileType = sourcecode.swift; path = TitleModifier.swift; sourceTree = "<group>"; };
		7FED597E2CBD3466006C7F2B /* NetworkError.swift */ = {isa = PBXFileReference; lastKnownFileType = sourcecode.swift; path = NetworkError.swift; sourceTree = "<group>"; };
		7FED59802CBD3483006C7F2B /* DependencyContainer.swift */ = {isa = PBXFileReference; lastKnownFileType = sourcecode.swift; path = DependencyContainer.swift; sourceTree = "<group>"; };
/* End PBXFileReference section */

/* Begin PBXFrameworksBuildPhase section */
		7F7CFB222C7F4ED400797AF4 /* Frameworks */ = {
			isa = PBXFrameworksBuildPhase;
			buildActionMask = 2147483647;
			files = (
			);
			runOnlyForDeploymentPostprocessing = 0;
		};
/* End PBXFrameworksBuildPhase section */

/* Begin PBXGroup section */
		7F7CFB1C2C7F4ED400797AF4 = {
			isa = PBXGroup;
			children = (
				7F7CFB402C7F4F5100797AF4 /* AppState.swift */,
				7F7CFB442C7F4F5100797AF4 /* CaipirinIAApp.swift */,
				7F7CFB412C7F4F5100797AF4 /* Classifier.swift */,
				7F7CFB482C7F4F5100797AF4 /* ContentView.swift */,
				7FED59802CBD3483006C7F2B /* DependencyContainer.swift */,
				7FED59702CBD325B006C7F2B /* Endpoint.swift */,
				7FDE9F672CBD578500504226 /* FrameProcessor.swift */,
				7FCFB1922C906FB300F85975 /* Constants */,
				7FDE9F8F2CC0611C00504226 /* Effects */,
				7F7CFB472C7F4F5100797AF4 /* Extensions */,
				7F7CFB3B2C7F4F5100797AF4 /* Managers */,
				7FDE9F872CBE948800504226 /* Mapper */,
				7F7CFB392C7F4F5100797AF4 /* ML */,
				7F7CFB432C7F4F5100797AF4 /* Models */,
				7F7CFB3E2C7F4F5100797AF4 /* Preview Content */,
				7F7CFB262C7F4ED400797AF4 /* Products */,
				7F7CFB512C7F4F5100797AF4 /* Views */,
				7FED59692CBD2F5B006C7F2B /* ViewModels */,
				7FED597C2CBD3394006C7F2B /* ViewModifiers */,
				7FED596C2CBD3186006C7F2B /* Services */,
				7FED596D2CBD3195006C7F2B /* Utilities */,
				7F7CFB522C7F4F5100797AF4 /* Assets.xcassets */,
				7F7CFB362C7F4F5100797AF4 /* CaipirinIA-Bridging-Header.h */,
				7FED592A2CB96718006C7F2B /* Config.plist */,
				7F7CFB3C2C7F4F5100797AF4 /* LICENSE */,
				7F7CFB3F2C7F4F5100797AF4 /* README.md */,
			);
			sourceTree = "<group>";
		};
		7F7CFB262C7F4ED400797AF4 /* Products */ = {
			isa = PBXGroup;
			children = (
				7F7CFB252C7F4ED400797AF4 /* CaipirinIA.app */,
			);
			name = Products;
			sourceTree = "<group>";
		};
		7F7CFB392C7F4F5100797AF4 /* ML */ = {
			isa = PBXGroup;
			children = (
				7FED59282CB963FA006C7F2B /* CaipiriniaDetector.mlmodel */,
			);
			path = ML;
			sourceTree = "<group>";
		};
		7F7CFB3B2C7F4F5100797AF4 /* Managers */ = {
			isa = PBXGroup;
			children = (
				7FDE9F652CBD509200504226 /* CameraManager.swift */,
				7FED59722CBD3294006C7F2B /* DataManager.swift */,
				7FDE9F612CBD495D00504226 /* DetectionOverlayManager.swift */,
				7FED597E2CBD3466006C7F2B /* NetworkError.swift */,
				7F7CFB3A2C7F4F5100797AF4 /* NetworkManager.swift */,
			);
			path = Managers;
			sourceTree = "<group>";
		};
		7F7CFB3E2C7F4F5100797AF4 /* Preview Content */ = {
			isa = PBXGroup;
			children = (
				7F7CFB3D2C7F4F5100797AF4 /* Preview Assets.xcassets */,
			);
			path = "Preview Content";
			sourceTree = "<group>";
		};
		7F7CFB432C7F4F5100797AF4 /* Models */ = {
			isa = PBXGroup;
			children = (
				7FED596A2CBD3105006C7F2B /* Cocktail.swift */,
				7F7CFB422C7F4F5100797AF4 /* DetectedItem.swift */,
				7FDE9F812CBDD36500504226 /* Preparation.swift */,
			);
			path = Models;
			sourceTree = "<group>";
		};
		7F7CFB472C7F4F5100797AF4 /* Extensions */ = {
			isa = PBXGroup;
			children = (
				7F7CFB452C7F4F5100797AF4 /* CGImage+Resized.swift */,
				7F7CFB462C7F4F5100797AF4 /* Data+ToArray.swift */,
				7FED597A2CBD3364006C7F2B /* Extensions.swift */,
			);
			path = Extensions;
			sourceTree = "<group>";
		};
		7F7CFB512C7F4F5100797AF4 /* Views */ = {
			isa = PBXGroup;
			children = (
				7FDE9F5F2CBD3EF700504226 /* BoundingBoxView.swift */,
				7FED595F2CBD2CA5006C7F2B /* CameraPreview.swift */,
				7F7CFB4C2C7F4F5100797AF4 /* CameraView.swift */,
				7FED59612CBD2CB5006C7F2B /* CameraViewControllerDelegate.swift */,
				7FDE9F792CBDBD9500504226 /* CircularActionButton.swift */,
				7FED59472CBD295F006C7F2B /* CircleButton.swift */,
				7FDE9F752CBDBC6900504226 /* CircularButtonView.swift */,
				7FDE9F7B2CBDBE8100504226 /* CircularNavigationButton.swift */,
				7FDE9F6D2CBDB7B100504226 /* CocktailCardView.swift */,
				7FED59512CBD2AD0006C7F2B /* CocktailDetailView.swift */,
				7FDE9F6F2CBDB94E00504226 /* CocktailGridView.swift */,
				7FED59572CBD2B06006C7F2B /* CocktailImageView.swift */,
				7FED59592CBD2B14006C7F2B /* CocktailInfoSection.swift */,
				7FED595B2CBD2B22006C7F2B /* CocktailIngredientsView.swift */,
				7FED595D2CBD2B2E006C7F2B /* CocktailInstructionsView.swift */,
				7FED594F2CBD2A8A006C7F2B /* CocktailListView.swift */,
				7FED59552CBD2AF9006C7F2B /* CocktailRowView.swift */,
				7FED594B2CBD29E5006C7F2B /* DetectionButton.swift */,
				7FED59492CBD29CF006C7F2B /* DetectedItemsView.swift */,
				7FDE9F6B2CBDA69000504226 /* DetectionOverlayView.swift */,
				7FDE9F692CBDA33200504226 /* EmptyStateView.swift */,
				7FED59452CBD2947006C7F2B /* FakeTabBar.swift */,
				7FED59412CBD28FE006C7F2B /* HomeView.swift */,
				7FED59532CBD2AE9006C7F2B /* IngredientTag.swift */,
				7FDE9F712CBDB96000504226 /* NoCocktailsView.swift */,
				7FDE9F852CBDD55A00504226 /* PreparationCardView.swift */,
				7FDE9F832CBDD42D00504226 /* PreparationStepsView.swift */,
				7FED59432CBD291C006C7F2B /* PreviousCocktailsList.swift */,
				7FDE9F942CC0693E00504226 /* ProgressButton.swift */,
			);
			path = Views;
			sourceTree = "<group>";
		};
		7FCFB1922C906FB300F85975 /* Constants */ = {
			isa = PBXGroup;
			children = (
				7FED592C2CB967A6006C7F2B /* Configuration.swift */,
				7FCFB1932C906FC600F85975 /* Constants.swift */,
			);
			path = Constants;
			sourceTree = "<group>";
		};
		7FDE9F872CBE948800504226 /* Mapper */ = {
			isa = PBXGroup;
			children = (
				7FDE9F882CBE949F00504226 /* IngredientMapper.swift */,
			);
			path = Mapper;
			sourceTree = "<group>";
		};
		7FDE9F8F2CC0611C00504226 /* Effects */ = {
			isa = PBXGroup;
			children = (
				7FDE9F902CC0612300504226 /* ShakeEffect.swift */,
			);
			path = Effects;
			sourceTree = "<group>";
		};
		7FED59692CBD2F5B006C7F2B /* ViewModels */ = {
			isa = PBXGroup;
			children = (
				7FED594D2CBD2A76006C7F2B /* CameraViewModel.swift */,
				7FDE9F7F2CBDC97000504226 /* CocktailDetailViewModel.swift */,
				7FED59632CBD2CDB006C7F2B /* CocktailListViewModel.swift */,
			);
			path = ViewModels;
			sourceTree = "<group>";
		};
		7FED596C2CBD3186006C7F2B /* Services */ = {
			isa = PBXGroup;
			children = (
				7FED59752CBD32B9006C7F2B /* CameraServiceProtocol.swift */,
				7FED59742CBD32A9006C7F2B /* CocktailServiceProtocol.swift */,
				7FDE9F632CBD4FF300504226 /* ObjectDetectorProtocol.swift */,
			);
			path = Services;
			sourceTree = "<group>";
		};
		7FED596D2CBD3195006C7F2B /* Utilities */ = {
			isa = PBXGroup;
			children = (
				7FDE9F7D2CBDBF2A00504226 /* CachedAsyncImage.swift */,
				7FED596E2CBD31BA006C7F2B /* Config.swift */,
			);
			path = Utilities;
			sourceTree = "<group>";
		};
		7FED597C2CBD3394006C7F2B /* ViewModifiers */ = {
			isa = PBXGroup;
			children = (
				7FDE9F772CBDBCDE00504226 /* CircularButtonModifier.swift */,
				7FED597D2CBD339E006C7F2B /* TitleModifier.swift */,
			);
			path = ViewModifiers;
			sourceTree = "<group>";
		};
/* End PBXGroup section */

/* Begin PBXNativeTarget section */
		7F7CFB242C7F4ED400797AF4 /* CaipirinIA */ = {
			isa = PBXNativeTarget;
			buildConfigurationList = 7F7CFB332C7F4ED500797AF4 /* Build configuration list for PBXNativeTarget "CaipirinIA" */;
			buildPhases = (
				7F7CFB212C7F4ED400797AF4 /* Sources */,
				7F7CFB222C7F4ED400797AF4 /* Frameworks */,
				7F7CFB232C7F4ED400797AF4 /* Resources */,
			);
			buildRules = (
			);
			dependencies = (
			);
			name = CaipirinIA;
			productName = CaipirinIA;
			productReference = 7F7CFB252C7F4ED400797AF4 /* CaipirinIA.app */;
			productType = "com.apple.product-type.application";
		};
/* End PBXNativeTarget section */

/* Begin PBXProject section */
		7F7CFB1D2C7F4ED400797AF4 /* Project object */ = {
			isa = PBXProject;
			attributes = {
				BuildIndependentTargetsInParallel = 1;
				LastSwiftUpdateCheck = 1540;
				LastUpgradeCheck = 1540;
				TargetAttributes = {
					7F7CFB242C7F4ED400797AF4 = {
						CreatedOnToolsVersion = 15.4;
						LastSwiftMigration = 1540;
					};
				};
			};
			buildConfigurationList = 7F7CFB202C7F4ED400797AF4 /* Build configuration list for PBXProject "CaipirinIA" */;
			compatibilityVersion = "Xcode 14.0";
			developmentRegion = en;
			hasScannedForEncodings = 0;
			knownRegions = (
				en,
				Base,
			);
			mainGroup = 7F7CFB1C2C7F4ED400797AF4;
			productRefGroup = 7F7CFB262C7F4ED400797AF4 /* Products */;
			projectDirPath = "";
			projectRoot = "";
			targets = (
				7F7CFB242C7F4ED400797AF4 /* CaipirinIA */,
			);
		};
/* End PBXProject section */

/* Begin PBXResourcesBuildPhase section */
		7F7CFB232C7F4ED400797AF4 /* Resources */ = {
			isa = PBXResourcesBuildPhase;
			buildActionMask = 2147483647;
			files = (
				7F7CFB592C7F4F5100797AF4 /* README.md in Resources */,
				7F7CFB582C7F4F5100797AF4 /* Preview Assets.xcassets in Resources */,
				7F7CFB682C7F4F5100797AF4 /* Assets.xcassets in Resources */,
				7FED592B2CB96718006C7F2B /* Config.plist in Resources */,
				7F7CFB572C7F4F5100797AF4 /* LICENSE in Resources */,
			);
			runOnlyForDeploymentPostprocessing = 0;
		};
/* End PBXResourcesBuildPhase section */

/* Begin PBXSourcesBuildPhase section */
		7F7CFB212C7F4ED400797AF4 /* Sources */ = {
			isa = PBXSourcesBuildPhase;
			buildActionMask = 2147483647;
			files = (
				7FDE9F6E2CBDB7B100504226 /* CocktailCardView.swift in Sources */,
				7FDE9F912CC0614400504226 /* ShakeEffect.swift in Sources */,
				7F7CFB5D2C7F4F5100797AF4 /* CaipirinIAApp.swift in Sources */,
				7FDE9F642CBD4FF300504226 /* ObjectDetectorProtocol.swift in Sources */,
				7FDE9F6A2CBDA33200504226 /* EmptyStateView.swift in Sources */,
				7FED595A2CBD2B14006C7F2B /* CocktailInfoSection.swift in Sources */,
				7F7CFB5B2C7F4F5100797AF4 /* Classifier.swift in Sources */,
				7F7CFB632C7F4F5100797AF4 /* CameraView.swift in Sources */,
				7FDE9F682CBD578500504226 /* FrameProcessor.swift in Sources */,
				7FED59522CBD2AD0006C7F2B /* CocktailDetailView.swift in Sources */,
				7FED594A2CBD29CF006C7F2B /* DetectedItemsView.swift in Sources */,
				7FDE9F6C2CBDA69000504226 /* DetectionOverlayView.swift in Sources */,
				7FED59812CBD3483006C7F2B /* DependencyContainer.swift in Sources */,
				7FED594C2CBD29E5006C7F2B /* DetectionButton.swift in Sources */,
				7FED597B2CBD3369006C7F2B /* Extensions.swift in Sources */,
				7FDE9F822CBDD36500504226 /* Preparation.swift in Sources */,
				7FDE9F602CBD3EF700504226 /* BoundingBoxView.swift in Sources */,
				7FDE9F762CBDBC6900504226 /* CircularButtonView.swift in Sources */,
				7FED59442CBD291C006C7F2B /* PreviousCocktailsList.swift in Sources */,
				7FED59542CBD2AE9006C7F2B /* IngredientTag.swift in Sources */,
				7F7CFB562C7F4F5100797AF4 /* NetworkManager.swift in Sources */,
				7FCFB1942C906FC600F85975 /* Constants.swift in Sources */,
				7FED59582CBD2B06006C7F2B /* CocktailImageView.swift in Sources */,
				7F7CFB5C2C7F4F5100797AF4 /* DetectedItem.swift in Sources */,
				7FED595C2CBD2B22006C7F2B /* CocktailIngredientsView.swift in Sources */,
				7FED59562CBD2AF9006C7F2B /* CocktailRowView.swift in Sources */,
				7FED59502CBD2A8A006C7F2B /* CocktailListView.swift in Sources */,
				7F7CFB602C7F4F5100797AF4 /* ContentView.swift in Sources */,
				7FED59422CBD28FE006C7F2B /* HomeView.swift in Sources */,
				7FED59482CBD295F006C7F2B /* CircleButton.swift in Sources */,
				7FDE9F7E2CBDBF2A00504226 /* CachedAsyncImage.swift in Sources */,
				7FDE9F7C2CBDBE8100504226 /* CircularNavigationButton.swift in Sources */,
				7FED596B2CBD3105006C7F2B /* Cocktail.swift in Sources */,
				7FED59772CBD32E8006C7F2B /* CocktailServiceProtocol.swift in Sources */,
				7FDE9F952CC0693E00504226 /* ProgressButton.swift in Sources */,
				7FED594E2CBD2A76006C7F2B /* CameraViewModel.swift in Sources */,
				7F7CFB5F2C7F4F5100797AF4 /* Data+ToArray.swift in Sources */,
				7FED59762CBD32E2006C7F2B /* CameraServiceProtocol.swift in Sources */,
				7FED59622CBD2CB5006C7F2B /* CameraViewControllerDelegate.swift in Sources */,
				7FED59292CB963FB006C7F2B /* CaipiriniaDetector.mlmodel in Sources */,
				7FDE9F862CBDD55A00504226 /* PreparationCardView.swift in Sources */,
				7FED592D2CB967A6006C7F2B /* Configuration.swift in Sources */,
				7FED596F2CBD31C0006C7F2B /* Config.swift in Sources */,
				7FED595E2CBD2B2E006C7F2B /* CocktailInstructionsView.swift in Sources */,
				7F7CFB5E2C7F4F5100797AF4 /* CGImage+Resized.swift in Sources */,
				7FDE9F802CBDC97000504226 /* CocktailDetailViewModel.swift in Sources */,
				7FED59642CBD2CDB006C7F2B /* CocktailListViewModel.swift in Sources */,
				7FDE9F722CBDB96000504226 /* NoCocktailsView.swift in Sources */,
				7FED59822CBD3689006C7F2B /* TitleModifier.swift in Sources */,
				7FED59602CBD2CA5006C7F2B /* CameraPreview.swift in Sources */,
				7FED59732CBD3294006C7F2B /* DataManager.swift in Sources */,
				7FDE9F7A2CBDBD9500504226 /* CircularActionButton.swift in Sources */,
				7F7CFB5A2C7F4F5100797AF4 /* AppState.swift in Sources */,
				7FDE9F842CBDD42D00504226 /* PreparationStepsView.swift in Sources */,
				7FED597F2CBD3466006C7F2B /* NetworkError.swift in Sources */,
				7FED59712CBD325B006C7F2B /* Endpoint.swift in Sources */,
				7FDE9F662CBD509200504226 /* CameraManager.swift in Sources */,
				7FDE9F702CBDB94E00504226 /* CocktailGridView.swift in Sources */,
				7FED59462CBD2947006C7F2B /* FakeTabBar.swift in Sources */,
				7FDE9F622CBD495D00504226 /* DetectionOverlayManager.swift in Sources */,
				7FDE9F782CBDBCDE00504226 /* CircularButtonModifier.swift in Sources */,
				7FDE9F892CBE94CA00504226 /* IngredientMapper.swift in Sources */,
			);
			runOnlyForDeploymentPostprocessing = 0;
		};
/* End PBXSourcesBuildPhase section */

/* Begin XCBuildConfiguration section */
		7F7CFB312C7F4ED500797AF4 /* Debug */ = {
			isa = XCBuildConfiguration;
			buildSettings = {
				ALWAYS_SEARCH_USER_PATHS = NO;
				ASSETCATALOG_COMPILER_GENERATE_SWIFT_ASSET_SYMBOL_EXTENSIONS = YES;
				CLANG_ANALYZER_NONNULL = YES;
				CLANG_ANALYZER_NUMBER_OBJECT_CONVERSION = YES_AGGRESSIVE;
				CLANG_CXX_LANGUAGE_STANDARD = "gnu++20";
				CLANG_ENABLE_MODULES = YES;
				CLANG_ENABLE_OBJC_ARC = YES;
				CLANG_ENABLE_OBJC_WEAK = YES;
				CLANG_WARN_BLOCK_CAPTURE_AUTORELEASING = YES;
				CLANG_WARN_BOOL_CONVERSION = YES;
				CLANG_WARN_COMMA = YES;
				CLANG_WARN_CONSTANT_CONVERSION = YES;
				CLANG_WARN_DEPRECATED_OBJC_IMPLEMENTATIONS = YES;
				CLANG_WARN_DIRECT_OBJC_ISA_USAGE = YES_ERROR;
				CLANG_WARN_DOCUMENTATION_COMMENTS = YES;
				CLANG_WARN_EMPTY_BODY = YES;
				CLANG_WARN_ENUM_CONVERSION = YES;
				CLANG_WARN_INFINITE_RECURSION = YES;
				CLANG_WARN_INT_CONVERSION = YES;
				CLANG_WARN_NON_LITERAL_NULL_CONVERSION = YES;
				CLANG_WARN_OBJC_IMPLICIT_RETAIN_SELF = YES;
				CLANG_WARN_OBJC_LITERAL_CONVERSION = YES;
				CLANG_WARN_OBJC_ROOT_CLASS = YES_ERROR;
				CLANG_WARN_QUOTED_INCLUDE_IN_FRAMEWORK_HEADER = YES;
				CLANG_WARN_RANGE_LOOP_ANALYSIS = YES;
				CLANG_WARN_STRICT_PROTOTYPES = YES;
				CLANG_WARN_SUSPICIOUS_MOVE = YES;
				CLANG_WARN_UNGUARDED_AVAILABILITY = YES_AGGRESSIVE;
				CLANG_WARN_UNREACHABLE_CODE = YES;
				CLANG_WARN__DUPLICATE_METHOD_MATCH = YES;
				COPY_PHASE_STRIP = NO;
				DEBUG_INFORMATION_FORMAT = dwarf;
				ENABLE_STRICT_OBJC_MSGSEND = YES;
				ENABLE_TESTABILITY = YES;
				ENABLE_USER_SCRIPT_SANDBOXING = YES;
				GCC_C_LANGUAGE_STANDARD = gnu17;
				GCC_DYNAMIC_NO_PIC = NO;
				GCC_NO_COMMON_BLOCKS = YES;
				GCC_OPTIMIZATION_LEVEL = 0;
				GCC_PREPROCESSOR_DEFINITIONS = (
					"DEBUG=1",
					"$(inherited)",
				);
				GCC_WARN_64_TO_32_BIT_CONVERSION = YES;
				GCC_WARN_ABOUT_RETURN_TYPE = YES_ERROR;
				GCC_WARN_UNDECLARED_SELECTOR = YES;
				GCC_WARN_UNINITIALIZED_AUTOS = YES_AGGRESSIVE;
				GCC_WARN_UNUSED_FUNCTION = YES;
				GCC_WARN_UNUSED_VARIABLE = YES;
				IPHONEOS_DEPLOYMENT_TARGET = 17.5;
				LOCALIZATION_PREFERS_STRING_CATALOGS = YES;
				MTL_ENABLE_DEBUG_INFO = INCLUDE_SOURCE;
				MTL_FAST_MATH = YES;
				ONLY_ACTIVE_ARCH = YES;
				SDKROOT = iphoneos;
				SWIFT_ACTIVE_COMPILATION_CONDITIONS = "DEBUG $(inherited)";
				SWIFT_OPTIMIZATION_LEVEL = "-Onone";
			};
			name = Debug;
		};
		7F7CFB322C7F4ED500797AF4 /* Release */ = {
			isa = XCBuildConfiguration;
			buildSettings = {
				ALWAYS_SEARCH_USER_PATHS = NO;
				ASSETCATALOG_COMPILER_GENERATE_SWIFT_ASSET_SYMBOL_EXTENSIONS = YES;
				CLANG_ANALYZER_NONNULL = YES;
				CLANG_ANALYZER_NUMBER_OBJECT_CONVERSION = YES_AGGRESSIVE;
				CLANG_CXX_LANGUAGE_STANDARD = "gnu++20";
				CLANG_ENABLE_MODULES = YES;
				CLANG_ENABLE_OBJC_ARC = YES;
				CLANG_ENABLE_OBJC_WEAK = YES;
				CLANG_WARN_BLOCK_CAPTURE_AUTORELEASING = YES;
				CLANG_WARN_BOOL_CONVERSION = YES;
				CLANG_WARN_COMMA = YES;
				CLANG_WARN_CONSTANT_CONVERSION = YES;
				CLANG_WARN_DEPRECATED_OBJC_IMPLEMENTATIONS = YES;
				CLANG_WARN_DIRECT_OBJC_ISA_USAGE = YES_ERROR;
				CLANG_WARN_DOCUMENTATION_COMMENTS = YES;
				CLANG_WARN_EMPTY_BODY = YES;
				CLANG_WARN_ENUM_CONVERSION = YES;
				CLANG_WARN_INFINITE_RECURSION = YES;
				CLANG_WARN_INT_CONVERSION = YES;
				CLANG_WARN_NON_LITERAL_NULL_CONVERSION = YES;
				CLANG_WARN_OBJC_IMPLICIT_RETAIN_SELF = YES;
				CLANG_WARN_OBJC_LITERAL_CONVERSION = YES;
				CLANG_WARN_OBJC_ROOT_CLASS = YES_ERROR;
				CLANG_WARN_QUOTED_INCLUDE_IN_FRAMEWORK_HEADER = YES;
				CLANG_WARN_RANGE_LOOP_ANALYSIS = YES;
				CLANG_WARN_STRICT_PROTOTYPES = YES;
				CLANG_WARN_SUSPICIOUS_MOVE = YES;
				CLANG_WARN_UNGUARDED_AVAILABILITY = YES_AGGRESSIVE;
				CLANG_WARN_UNREACHABLE_CODE = YES;
				CLANG_WARN__DUPLICATE_METHOD_MATCH = YES;
				COPY_PHASE_STRIP = NO;
				DEBUG_INFORMATION_FORMAT = "dwarf-with-dsym";
				ENABLE_NS_ASSERTIONS = NO;
				ENABLE_STRICT_OBJC_MSGSEND = YES;
				ENABLE_USER_SCRIPT_SANDBOXING = YES;
				GCC_C_LANGUAGE_STANDARD = gnu17;
				GCC_NO_COMMON_BLOCKS = YES;
				GCC_WARN_64_TO_32_BIT_CONVERSION = YES;
				GCC_WARN_ABOUT_RETURN_TYPE = YES_ERROR;
				GCC_WARN_UNDECLARED_SELECTOR = YES;
				GCC_WARN_UNINITIALIZED_AUTOS = YES_AGGRESSIVE;
				GCC_WARN_UNUSED_FUNCTION = YES;
				GCC_WARN_UNUSED_VARIABLE = YES;
				IPHONEOS_DEPLOYMENT_TARGET = 17.5;
				LOCALIZATION_PREFERS_STRING_CATALOGS = YES;
				MTL_ENABLE_DEBUG_INFO = NO;
				MTL_FAST_MATH = YES;
				SDKROOT = iphoneos;
				SWIFT_COMPILATION_MODE = wholemodule;
				VALIDATE_PRODUCT = YES;
			};
			name = Release;
		};
		7F7CFB342C7F4ED500797AF4 /* Debug */ = {
			isa = XCBuildConfiguration;
			buildSettings = {
				ASSETCATALOG_COMPILER_APPICON_NAME = AppIcon;
				ASSETCATALOG_COMPILER_GLOBAL_ACCENT_COLOR_NAME = AccentColor;
				CLANG_ENABLE_MODULES = YES;
				CODE_SIGN_STYLE = Automatic;
				CURRENT_PROJECT_VERSION = 1;
				DEVELOPMENT_ASSET_PATHS = "\"Preview Content\"";
				DEVELOPMENT_TEAM = 739FYFHB3R;
				ENABLE_PREVIEWS = YES;
				GENERATE_INFOPLIST_FILE = YES;
				INFOPLIST_KEY_NSCameraUsageDescription = "We need to use your Camera for detection";
				INFOPLIST_KEY_UIApplicationSceneManifest_Generation = YES;
				INFOPLIST_KEY_UIApplicationSupportsIndirectInputEvents = YES;
				INFOPLIST_KEY_UILaunchScreen_Generation = YES;
				INFOPLIST_KEY_UISupportedInterfaceOrientations_iPad = "UIInterfaceOrientationPortrait UIInterfaceOrientationPortraitUpsideDown UIInterfaceOrientationLandscapeLeft UIInterfaceOrientationLandscapeRight";
				INFOPLIST_KEY_UISupportedInterfaceOrientations_iPhone = "UIInterfaceOrientationPortrait UIInterfaceOrientationLandscapeLeft UIInterfaceOrientationLandscapeRight";
				LD_RUNPATH_SEARCH_PATHS = (
					"$(inherited)",
					"@executable_path/Frameworks",
				);
				MARKETING_VERSION = 1.0;
				PRODUCT_BUNDLE_IDENTIFIER = com.mobileapp.cdeust.CaipirinIA;
				PRODUCT_NAME = "$(TARGET_NAME)";
				SWIFT_EMIT_LOC_STRINGS = YES;
				SWIFT_OBJC_BRIDGING_HEADER = "CaipirinIA-Bridging-Header.h";
				SWIFT_OPTIMIZATION_LEVEL = "-Onone";
				SWIFT_VERSION = 5.0;
				TARGETED_DEVICE_FAMILY = "1,2";
			};
			name = Debug;
		};
		7F7CFB352C7F4ED500797AF4 /* Release */ = {
			isa = XCBuildConfiguration;
			buildSettings = {
				ASSETCATALOG_COMPILER_APPICON_NAME = AppIcon;
				ASSETCATALOG_COMPILER_GLOBAL_ACCENT_COLOR_NAME = AccentColor;
				CLANG_ENABLE_MODULES = YES;
				CODE_SIGN_STYLE = Automatic;
				CURRENT_PROJECT_VERSION = 1;
				DEVELOPMENT_ASSET_PATHS = "\"Preview Content\"";
				DEVELOPMENT_TEAM = 739FYFHB3R;
				ENABLE_PREVIEWS = YES;
				GENERATE_INFOPLIST_FILE = YES;
				INFOPLIST_KEY_NSCameraUsageDescription = "We need to use your Camera for detection";
				INFOPLIST_KEY_UIApplicationSceneManifest_Generation = YES;
				INFOPLIST_KEY_UIApplicationSupportsIndirectInputEvents = YES;
				INFOPLIST_KEY_UILaunchScreen_Generation = YES;
				INFOPLIST_KEY_UISupportedInterfaceOrientations_iPad = "UIInterfaceOrientationPortrait UIInterfaceOrientationPortraitUpsideDown UIInterfaceOrientationLandscapeLeft UIInterfaceOrientationLandscapeRight";
				INFOPLIST_KEY_UISupportedInterfaceOrientations_iPhone = "UIInterfaceOrientationPortrait UIInterfaceOrientationLandscapeLeft UIInterfaceOrientationLandscapeRight";
				LD_RUNPATH_SEARCH_PATHS = (
					"$(inherited)",
					"@executable_path/Frameworks",
				);
				MARKETING_VERSION = 1.0;
				PRODUCT_BUNDLE_IDENTIFIER = com.mobileapp.cdeust.CaipirinIA;
				PRODUCT_NAME = "$(TARGET_NAME)";
				SWIFT_EMIT_LOC_STRINGS = YES;
				SWIFT_OBJC_BRIDGING_HEADER = "CaipirinIA-Bridging-Header.h";
				SWIFT_VERSION = 5.0;
				TARGETED_DEVICE_FAMILY = "1,2";
			};
			name = Release;
		};
/* End XCBuildConfiguration section */

/* Begin XCConfigurationList section */
		7F7CFB202C7F4ED400797AF4 /* Build configuration list for PBXProject "CaipirinIA" */ = {
			isa = XCConfigurationList;
			buildConfigurations = (
				7F7CFB312C7F4ED500797AF4 /* Debug */,
				7F7CFB322C7F4ED500797AF4 /* Release */,
			);
			defaultConfigurationIsVisible = 0;
			defaultConfigurationName = Release;
		};
		7F7CFB332C7F4ED500797AF4 /* Build configuration list for PBXNativeTarget "CaipirinIA" */ = {
			isa = XCConfigurationList;
			buildConfigurations = (
				7F7CFB342C7F4ED500797AF4 /* Debug */,
				7F7CFB352C7F4ED500797AF4 /* Release */,
			);
			defaultConfigurationIsVisible = 0;
			defaultConfigurationName = Release;
		};
/* End XCConfigurationList section */
	};
	rootObject = 7F7CFB1D2C7F4ED400797AF4 /* Project object */;
}
